{
  "pins" : [
    {
      "identity" : "vibrancyeffectview",
      "kind" : "remoteSourceControl",
      "location" : "https://github.com/stateman92/VibrancyEffectView",
      "state" : {
        "revision" : "51ed1bdd13097e1a3b8079613a1ebf77eb01b82e",
        "version" : "0.0.1"
      }
    }
  ],
  "version" : 2
}
