{
  "pins" : [
    {
      "identity" : "vibrancyeffectview",
      "kind" : "remoteSourceControl",
      "location" : "https://github.com/stateman92/VibrancyEffectView",
      "state" : {
        "revision" : "f06128e06961b439dfcbc0afb4adc68536e268bb",
        "version" : "0.0.3"
      }
    }
  ],
  "version" : 2
}
